
Microsoft Visual Studio Solution File, Format Version 12.00
# Visual Studio Version 16
VisualStudioVersion = 16.0.30503.244
MinimumVisualStudioVersion = 10.0.40219.1
Project("{9A19103F-16F7-4668-BE54-9A1E7A4F7556}") = "Isaac-DataService", "Isaac-DataService\Isaac-DataService.csproj", "{69F6FC29-08D4-407E-8CC9-E12A8521C87C}"
EndProject
Project("{9A19103F-16F7-4668-BE54-9A1E7A4F7556}") = "Isaac-AnomalyService", "Isaac-AnomalyService\Isaac-AnomalyService.csproj", "{C9FF7D57-0969-4E33-8B99-36698AB219AD}"
EndProject
Project("{9A19103F-16F7-4668-BE54-9A1E7A4F7556}") = "Isaac-FloorService", "Isaac-FloorService\Isaac-FloorService.csproj", "{9AF6A218-8F78-4331-B0C3-C6DECA8F736B}"
EndProject
Project("{9A19103F-16F7-4668-BE54-9A1E7A4F7556}") = "Isaac-APIGateway", "Isaac-APIGateway\Isaac-APIGateway.csproj", "{0FDB4AD1-FE69-4C44-93C7-5554FD4C820B}"
EndProject
Project("{9A19103F-16F7-4668-BE54-9A1E7A4F7556}") = "Isaac-SensorSettingService", "Isaac-SensorSettingService\Isaac-SensorSettingService.csproj", "{62E09CDD-2861-4EA9-B0B1-D7F78878BE11}"
EndProject
Project("{9A19103F-16F7-4668-BE54-9A1E7A4F7556}") = "Isaac-AuthorizationService", "Isaac-AuthorizationService\Isaac-AuthorizationService.csproj", "{79CAC102-FD62-4676-B35B-E37DE87D6BE0}"
EndProject
Project("{FAE04EC0-301F-11D3-BF4B-00C04F79EFBC}") = "XUnit-AnomalyService", "XUnit-AnomalyService\XUnit-AnomalyService.csproj", "{B3AD04D8-CA11-455F-B7C0-2D058548C503}"
EndProject
Project("{FAE04EC0-301F-11D3-BF4B-00C04F79EFBC}") = "XUnit-AuthorizationService", "XUnit-AuthorizationService\XUnit-AuthorizationService.csproj", "{15B591AC-A428-4953-811F-84840326A73C}"
EndProject
Project("{FAE04EC0-301F-11D3-BF4B-00C04F79EFBC}") = "XUnit-DataService", "XUnit-DataService\XUnit-DataService.csproj", "{C5BAFCBA-0A98-4C88-AE6E-CD4A3C0DAF46}"
EndProject
Project("{FAE04EC0-301F-11D3-BF4B-00C04F79EFBC}") = "XUnit-FloorService", "XUnit-FloorService\XUnit-FloorService.csproj", "{4184F4FA-E969-4BD1-881C-6526138A87DF}"
EndProject
Project("{FAE04EC0-301F-11D3-BF4B-00C04F79EFBC}") = "XUnit-SensorSettingService", "XUnit-SensorSettingService\XUnit-SensorSettingService.csproj", "{B2479639-E0B0-47CD-A310-04CF7AF30562}"
EndProject
Global
	GlobalSection(SolutionConfigurationPlatforms) = preSolution
		Debug|Any CPU = Debug|Any CPU
		Release|Any CPU = Release|Any CPU
	EndGlobalSection
	GlobalSection(ProjectConfigurationPlatforms) = postSolution
		{69F6FC29-08D4-407E-8CC9-E12A8521C87C}.Debug|Any CPU.ActiveCfg = Debug|Any CPU
		{69F6FC29-08D4-407E-8CC9-E12A8521C87C}.Debug|Any CPU.Build.0 = Debug|Any CPU
		{69F6FC29-08D4-407E-8CC9-E12A8521C87C}.Release|Any CPU.ActiveCfg = Release|Any CPU
		{69F6FC29-08D4-407E-8CC9-E12A8521C87C}.Release|Any CPU.Build.0 = Release|Any CPU
		{C9FF7D57-0969-4E33-8B99-36698AB219AD}.Debug|Any CPU.ActiveCfg = Debug|Any CPU
		{C9FF7D57-0969-4E33-8B99-36698AB219AD}.Debug|Any CPU.Build.0 = Debug|Any CPU
		{C9FF7D57-0969-4E33-8B99-36698AB219AD}.Release|Any CPU.ActiveCfg = Release|Any CPU
		{C9FF7D57-0969-4E33-8B99-36698AB219AD}.Release|Any CPU.Build.0 = Release|Any CPU
		{9AF6A218-8F78-4331-B0C3-C6DECA8F736B}.Debug|Any CPU.ActiveCfg = Debug|Any CPU
		{9AF6A218-8F78-4331-B0C3-C6DECA8F736B}.Debug|Any CPU.Build.0 = Debug|Any CPU
		{9AF6A218-8F78-4331-B0C3-C6DECA8F736B}.Release|Any CPU.ActiveCfg = Release|Any CPU
		{9AF6A218-8F78-4331-B0C3-C6DECA8F736B}.Release|Any CPU.Build.0 = Release|Any CPU
		{0FDB4AD1-FE69-4C44-93C7-5554FD4C820B}.Debug|Any CPU.ActiveCfg = Debug|Any CPU
		{0FDB4AD1-FE69-4C44-93C7-5554FD4C820B}.Debug|Any CPU.Build.0 = Debug|Any CPU
		{0FDB4AD1-FE69-4C44-93C7-5554FD4C820B}.Release|Any CPU.ActiveCfg = Release|Any CPU
		{0FDB4AD1-FE69-4C44-93C7-5554FD4C820B}.Release|Any CPU.Build.0 = Release|Any CPU
		{62E09CDD-2861-4EA9-B0B1-D7F78878BE11}.Debug|Any CPU.ActiveCfg = Debug|Any CPU
		{62E09CDD-2861-4EA9-B0B1-D7F78878BE11}.Debug|Any CPU.Build.0 = Debug|Any CPU
		{62E09CDD-2861-4EA9-B0B1-D7F78878BE11}.Release|Any CPU.ActiveCfg = Release|Any CPU
		{62E09CDD-2861-4EA9-B0B1-D7F78878BE11}.Release|Any CPU.Build.0 = Release|Any CPU
		{79CAC102-FD62-4676-B35B-E37DE87D6BE0}.Debug|Any CPU.ActiveCfg = Debug|Any CPU
		{79CAC102-FD62-4676-B35B-E37DE87D6BE0}.Debug|Any CPU.Build.0 = Debug|Any CPU
		{79CAC102-FD62-4676-B35B-E37DE87D6BE0}.Release|Any CPU.ActiveCfg = Release|Any CPU
		{79CAC102-FD62-4676-B35B-E37DE87D6BE0}.Release|Any CPU.Build.0 = Release|Any CPU
		{B3AD04D8-CA11-455F-B7C0-2D058548C503}.Debug|Any CPU.ActiveCfg = Debug|Any CPU
		{B3AD04D8-CA11-455F-B7C0-2D058548C503}.Debug|Any CPU.Build.0 = Debug|Any CPU
		{B3AD04D8-CA11-455F-B7C0-2D058548C503}.Release|Any CPU.ActiveCfg = Release|Any CPU
		{B3AD04D8-CA11-455F-B7C0-2D058548C503}.Release|Any CPU.Build.0 = Release|Any CPU
		{15B591AC-A428-4953-811F-84840326A73C}.Debug|Any CPU.ActiveCfg = Debug|Any CPU
		{15B591AC-A428-4953-811F-84840326A73C}.Debug|Any CPU.Build.0 = Debug|Any CPU
		{15B591AC-A428-4953-811F-84840326A73C}.Release|Any CPU.ActiveCfg = Release|Any CPU
		{15B591AC-A428-4953-811F-84840326A73C}.Release|Any CPU.Build.0 = Release|Any CPU
		{C5BAFCBA-0A98-4C88-AE6E-CD4A3C0DAF46}.Debug|Any CPU.ActiveCfg = Debug|Any CPU
		{C5BAFCBA-0A98-4C88-AE6E-CD4A3C0DAF46}.Debug|Any CPU.Build.0 = Debug|Any CPU
		{C5BAFCBA-0A98-4C88-AE6E-CD4A3C0DAF46}.Release|Any CPU.ActiveCfg = Release|Any CPU
		{C5BAFCBA-0A98-4C88-AE6E-CD4A3C0DAF46}.Release|Any CPU.Build.0 = Release|Any CPU
		{4184F4FA-E969-4BD1-881C-6526138A87DF}.Debug|Any CPU.ActiveCfg = Debug|Any CPU
		{4184F4FA-E969-4BD1-881C-6526138A87DF}.Debug|Any CPU.Build.0 = Debug|Any CPU
		{4184F4FA-E969-4BD1-881C-6526138A87DF}.Release|Any CPU.ActiveCfg = Release|Any CPU
		{4184F4FA-E969-4BD1-881C-6526138A87DF}.Release|Any CPU.Build.0 = Release|Any CPU
		{B2479639-E0B0-47CD-A310-04CF7AF30562}.Debug|Any CPU.ActiveCfg = Debug|Any CPU
		{B2479639-E0B0-47CD-A310-04CF7AF30562}.Debug|Any CPU.Build.0 = Debug|Any CPU
		{B2479639-E0B0-47CD-A310-04CF7AF30562}.Release|Any CPU.ActiveCfg = Release|Any CPU
		{B2479639-E0B0-47CD-A310-04CF7AF30562}.Release|Any CPU.Build.0 = Release|Any CPU
	EndGlobalSection
	GlobalSection(SolutionProperties) = preSolution
		HideSolutionNode = FALSE
	EndGlobalSection
	GlobalSection(ExtensibilityGlobals) = postSolution
		SolutionGuid = {1AD2182B-2542-4F38-95B7-F702735E6B0E}
	EndGlobalSection
EndGlobal
